
Microsoft Visual Studio Solution File, Format Version 12.00
# Visual Studio Version 16
VisualStudioVersion = 16.0.30002.166
MinimumVisualStudioVersion = 10.0.40219.1
Project("{FAE04EC0-301F-11D3-BF4B-00C04F79EFBC}") = "FineForOverdueBooksMod4", "FineForOverdueBooksMod4\FineForOverdueBooksMod4.csproj", "{683860D7-53AC-425F-A9CD-31ECEDB90B9D}"
EndProject
Global
	GlobalSection(SolutionConfigurationPlatforms) = preSolution
		Debug|Any CPU = Debug|Any CPU
		Release|Any CPU = Release|Any CPU
	EndGlobalSection
	GlobalSection(ProjectConfigurationPlatforms) = postSolution
		{683860D7-53AC-425F-A9CD-31ECEDB90B9D}.Debug|Any CPU.ActiveCfg = Debug|Any CPU
		{683860D7-53AC-425F-A9CD-31ECEDB90B9D}.Debug|Any CPU.Build.0 = Debug|Any CPU
		{683860D7-53AC-425F-A9CD-31ECEDB90B9D}.Release|Any CPU.ActiveCfg = Release|Any CPU
		{683860D7-53AC-425F-A9CD-31ECEDB90B9D}.Release|Any CPU.Build.0 = Release|Any CPU
	EndGlobalSection
	GlobalSection(SolutionProperties) = preSolution
		HideSolutionNode = FALSE
	EndGlobalSection
	GlobalSection(ExtensibilityGlobals) = postSolution
		SolutionGuid = {C3817F11-4CD8-4A9D-B07A-DC24453A183F}
	EndGlobalSection
EndGlobal
